
Microsoft Visual Studio Solution File, Format Version 12.00
# Visual Studio Version 16
VisualStudioVersion = 16.0.31005.135
MinimumVisualStudioVersion = 10.0.40219.1
Project("{FAE04EC0-301F-11D3-BF4B-00C04F79EFBC}") = "API-Gateway", "API-Gateway.csproj", "{B6FD03F1-7A03-44BC-8876-2E79E3B4E02C}"
EndProject
Global
	GlobalSection(SolutionConfigurationPlatforms) = preSolution
		Debug|Any CPU = Debug|Any CPU
		Release|Any CPU = Release|Any CPU
	EndGlobalSection
	GlobalSection(ProjectConfigurationPlatforms) = postSolution
		{B6FD03F1-7A03-44BC-8876-2E79E3B4E02C}.Debug|Any CPU.ActiveCfg = Debug|Any CPU
		{B6FD03F1-7A03-44BC-8876-2E79E3B4E02C}.Debug|Any CPU.Build.0 = Debug|Any CPU
		{B6FD03F1-7A03-44BC-8876-2E79E3B4E02C}.Release|Any CPU.ActiveCfg = Release|Any CPU
		{B6FD03F1-7A03-44BC-8876-2E79E3B4E02C}.Release|Any CPU.Build.0 = Release|Any CPU
	EndGlobalSection
	GlobalSection(SolutionProperties) = preSolution
		HideSolutionNode = FALSE
	EndGlobalSection
	GlobalSection(ExtensibilityGlobals) = postSolution
		SolutionGuid = {308AB0F9-C7BA-4089-8117-4B9FFCD122CC}
	EndGlobalSection
EndGlobal
